
Microsoft Visual Studio Solution File, Format Version 12.00
# Visual Studio Version 16
VisualStudioVersion = 16.0.30011.22
MinimumVisualStudioVersion = 10.0.40219.1
Project("{9A19103F-16F7-4668-BE54-9A1E7A4F7556}") = "WebApplication1", "WebApplication1\WebApplication1.csproj", "{B78591A8-EB7E-4BD2-B385-8FEE79B5F895}"
EndProject
Project("{FAE04EC0-301F-11D3-BF4B-00C04F79EFBC}") = "Service", "Service\Service.csproj", "{4973078E-5651-4585-BF07-8016E4353259}"
EndProject
Project("{FAE04EC0-301F-11D3-BF4B-00C04F79EFBC}") = "Model", "Model\Model.csproj", "{B2C061FD-4169-423E-9A0C-DF9D8AF9A993}"
EndProject
Global
	GlobalSection(SolutionConfigurationPlatforms) = preSolution
		Debug|Any CPU = Debug|Any CPU
		Release|Any CPU = Release|Any CPU
	EndGlobalSection
	GlobalSection(ProjectConfigurationPlatforms) = postSolution
		{B78591A8-EB7E-4BD2-B385-8FEE79B5F895}.Debug|Any CPU.ActiveCfg = Debug|Any CPU
		{B78591A8-EB7E-4BD2-B385-8FEE79B5F895}.Debug|Any CPU.Build.0 = Debug|Any CPU
		{B78591A8-EB7E-4BD2-B385-8FEE79B5F895}.Release|Any CPU.ActiveCfg = Release|Any CPU
		{B78591A8-EB7E-4BD2-B385-8FEE79B5F895}.Release|Any CPU.Build.0 = Release|Any CPU
		{4973078E-5651-4585-BF07-8016E4353259}.Debug|Any CPU.ActiveCfg = Debug|Any CPU
		{4973078E-5651-4585-BF07-8016E4353259}.Debug|Any CPU.Build.0 = Debug|Any CPU
		{4973078E-5651-4585-BF07-8016E4353259}.Release|Any CPU.ActiveCfg = Release|Any CPU
		{4973078E-5651-4585-BF07-8016E4353259}.Release|Any CPU.Build.0 = Release|Any CPU
		{B2C061FD-4169-423E-9A0C-DF9D8AF9A993}.Debug|Any CPU.ActiveCfg = Debug|Any CPU
		{B2C061FD-4169-423E-9A0C-DF9D8AF9A993}.Debug|Any CPU.Build.0 = Debug|Any CPU
		{B2C061FD-4169-423E-9A0C-DF9D8AF9A993}.Release|Any CPU.ActiveCfg = Release|Any CPU
		{B2C061FD-4169-423E-9A0C-DF9D8AF9A993}.Release|Any CPU.Build.0 = Release|Any CPU
	EndGlobalSection
	GlobalSection(SolutionProperties) = preSolution
		HideSolutionNode = FALSE
	EndGlobalSection
	GlobalSection(ExtensibilityGlobals) = postSolution
		SolutionGuid = {BD18E5DE-B7A5-43CA-8E82-420A15F29756}
	EndGlobalSection
EndGlobal
